
Microsoft Visual Studio Solution File, Format Version 12.00
# Visual Studio Version 17
VisualStudioVersion = 17.6.33801.468
MinimumVisualStudioVersion = 10.0.40219.1
Project("{FAE04EC0-301F-11D3-BF4B-00C04F79EFBC}") = "RemoveUnuseIDS", "RemoveUnuseIDS\RemoveUnuseIDS.csproj", "{89BBEE0F-E7CE-451B-9B4F-CEAC3086099C}"
EndProject
Global
	GlobalSection(SolutionConfigurationPlatforms) = preSolution
		Debug|Any CPU = Debug|Any CPU
		Release|Any CPU = Release|Any CPU
	EndGlobalSection
	GlobalSection(ProjectConfigurationPlatforms) = postSolution
		{89BBEE0F-E7CE-451B-9B4F-CEAC3086099C}.Debug|Any CPU.ActiveCfg = Debug|Any CPU
		{89BBEE0F-E7CE-451B-9B4F-CEAC3086099C}.Debug|Any CPU.Build.0 = Debug|Any CPU
		{89BBEE0F-E7CE-451B-9B4F-CEAC3086099C}.Release|Any CPU.ActiveCfg = Release|Any CPU
		{89BBEE0F-E7CE-451B-9B4F-CEAC3086099C}.Release|Any CPU.Build.0 = Release|Any CPU
	EndGlobalSection
	GlobalSection(SolutionProperties) = preSolution
		HideSolutionNode = FALSE
	EndGlobalSection
	GlobalSection(ExtensibilityGlobals) = postSolution
		SolutionGuid = {19A578CD-2DEE-46EB-B895-5EE0DBB46A54}
	EndGlobalSection
EndGlobal
